// !$*UTF8*$!
{
	archiveVersion = 1;
	classes = {
	};
	objectVersion = 50;
	objects = {

/* Begin PBXBuildFile section */
		8038D0562418030200AFA4DA /* UserInformations.swift in Sources */ = {isa = PBXBuildFile; fileRef = 8038D0552418030200AFA4DA /* UserInformations.swift */; };
		80471AE1241180C4001DCFA0 /* LoginView.swift in Sources */ = {isa = PBXBuildFile; fileRef = 80471AE0241180C4001DCFA0 /* LoginView.swift */; };
		80471AE3241180D4001DCFA0 /* LoginProtocol.swift in Sources */ = {isa = PBXBuildFile; fileRef = 80471AE2241180D4001DCFA0 /* LoginProtocol.swift */; };
		80471AE5241180DC001DCFA0 /* LoginPresenter.swift in Sources */ = {isa = PBXBuildFile; fileRef = 80471AE4241180DC001DCFA0 /* LoginPresenter.swift */; };
		80471AE7241180F7001DCFA0 /* LoginStoryboard.storyboard in Resources */ = {isa = PBXBuildFile; fileRef = 80471AE6241180F7001DCFA0 /* LoginStoryboard.storyboard */; };
		808AEBE7240EF66B00DC90DB /* AppDelegate.swift in Sources */ = {isa = PBXBuildFile; fileRef = 808AEBE6240EF66B00DC90DB /* AppDelegate.swift */; };
		808AEBE9240EF66B00DC90DB /* SceneDelegate.swift in Sources */ = {isa = PBXBuildFile; fileRef = 808AEBE8240EF66B00DC90DB /* SceneDelegate.swift */; };
		808AEBF0240EF66F00DC90DB /* Assets.xcassets in Resources */ = {isa = PBXBuildFile; fileRef = 808AEBEF240EF66F00DC90DB /* Assets.xcassets */; };
		808AEBF3240EF66F00DC90DB /* LaunchScreen.storyboard in Resources */ = {isa = PBXBuildFile; fileRef = 808AEBF1240EF66F00DC90DB /* LaunchScreen.storyboard */; };
		80F917442416DBC10063FE37 /* AuthenticationPresenter.swift in Sources */ = {isa = PBXBuildFile; fileRef = 80F9173D2416DBC10063FE37 /* AuthenticationPresenter.swift */; };
		80F917452416DBC10063FE37 /* AuthenticationProtocol.swift in Sources */ = {isa = PBXBuildFile; fileRef = 80F9173F2416DBC10063FE37 /* AuthenticationProtocol.swift */; };
		80F917462416DBC10063FE37 /* ViewController.swift in Sources */ = {isa = PBXBuildFile; fileRef = 80F917412416DBC10063FE37 /* ViewController.swift */; };
		80F917472416DBC10063FE37 /* Main.storyboard in Resources */ = {isa = PBXBuildFile; fileRef = 80F917422416DBC10063FE37 /* Main.storyboard */; };
		80F9174C2416DBCE0063FE37 /* ClockInViewController.swift in Sources */ = {isa = PBXBuildFile; fileRef = 80F9174A2416DBCE0063FE37 /* ClockInViewController.swift */; };
		80F9174D2416DBCE0063FE37 /* ClockIn.storyboard in Resources */ = {isa = PBXBuildFile; fileRef = 80F9174B2416DBCE0063FE37 /* ClockIn.storyboard */; };
		80F917502416DBEB0063FE37 /* Extension_UIColor.swift in Sources */ = {isa = PBXBuildFile; fileRef = 80F9174F2416DBEB0063FE37 /* Extension_UIColor.swift */; };
/* End PBXBuildFile section */

/* Begin PBXFileReference section */
		8038D0552418030200AFA4DA /* UserInformations.swift */ = {isa = PBXFileReference; lastKnownFileType = sourcecode.swift; path = UserInformations.swift; sourceTree = "<group>"; };
		80471AE0241180C4001DCFA0 /* LoginView.swift */ = {isa = PBXFileReference; lastKnownFileType = sourcecode.swift; path = LoginView.swift; sourceTree = "<group>"; };
		80471AE2241180D4001DCFA0 /* LoginProtocol.swift */ = {isa = PBXFileReference; lastKnownFileType = sourcecode.swift; path = LoginProtocol.swift; sourceTree = "<group>"; };
		80471AE4241180DC001DCFA0 /* LoginPresenter.swift */ = {isa = PBXFileReference; lastKnownFileType = sourcecode.swift; path = LoginPresenter.swift; sourceTree = "<group>"; };
		80471AE6241180F7001DCFA0 /* LoginStoryboard.storyboard */ = {isa = PBXFileReference; lastKnownFileType = file.storyboard; path = LoginStoryboard.storyboard; sourceTree = "<group>"; };
		80471AE9241186F5001DCFA0 /* ArduinoClockIn.entitlements */ = {isa = PBXFileReference; lastKnownFileType = text.plist.entitlements; path = ArduinoClockIn.entitlements; sourceTree = "<group>"; };
		808AEBE3240EF66B00DC90DB /* ArduinoClockIn.app */ = {isa = PBXFileReference; explicitFileType = wrapper.application; includeInIndex = 0; path = ArduinoClockIn.app; sourceTree = BUILT_PRODUCTS_DIR; };
		808AEBE6240EF66B00DC90DB /* AppDelegate.swift */ = {isa = PBXFileReference; lastKnownFileType = sourcecode.swift; path = AppDelegate.swift; sourceTree = "<group>"; };
		808AEBE8240EF66B00DC90DB /* SceneDelegate.swift */ = {isa = PBXFileReference; lastKnownFileType = sourcecode.swift; path = SceneDelegate.swift; sourceTree = "<group>"; };
		808AEBEF240EF66F00DC90DB /* Assets.xcassets */ = {isa = PBXFileReference; lastKnownFileType = folder.assetcatalog; path = Assets.xcassets; sourceTree = "<group>"; };
		808AEBF2240EF66F00DC90DB /* Base */ = {isa = PBXFileReference; lastKnownFileType = file.storyboard; name = Base; path = Base.lproj/LaunchScreen.storyboard; sourceTree = "<group>"; };
		808AEBF4240EF66F00DC90DB /* Info.plist */ = {isa = PBXFileReference; lastKnownFileType = text.plist.xml; path = Info.plist; sourceTree = "<group>"; };
		80F9173D2416DBC10063FE37 /* AuthenticationPresenter.swift */ = {isa = PBXFileReference; fileEncoding = 4; lastKnownFileType = sourcecode.swift; path = AuthenticationPresenter.swift; sourceTree = "<group>"; };
		80F9173F2416DBC10063FE37 /* AuthenticationProtocol.swift */ = {isa = PBXFileReference; fileEncoding = 4; lastKnownFileType = sourcecode.swift; path = AuthenticationProtocol.swift; sourceTree = "<group>"; };
		80F917412416DBC10063FE37 /* ViewController.swift */ = {isa = PBXFileReference; fileEncoding = 4; lastKnownFileType = sourcecode.swift; path = ViewController.swift; sourceTree = "<group>"; };
		80F917432416DBC10063FE37 /* Base */ = {isa = PBXFileReference; lastKnownFileType = file.storyboard; name = Base; path = Base.lproj/Main.storyboard; sourceTree = "<group>"; };
		80F9174A2416DBCE0063FE37 /* ClockInViewController.swift */ = {isa = PBXFileReference; fileEncoding = 4; lastKnownFileType = sourcecode.swift; path = ClockInViewController.swift; sourceTree = "<group>"; };
		80F9174B2416DBCE0063FE37 /* ClockIn.storyboard */ = {isa = PBXFileReference; fileEncoding = 4; lastKnownFileType = file.storyboard; path = ClockIn.storyboard; sourceTree = "<group>"; };
		80F9174F2416DBEB0063FE37 /* Extension_UIColor.swift */ = {isa = PBXFileReference; fileEncoding = 4; lastKnownFileType = sourcecode.swift; path = Extension_UIColor.swift; sourceTree = "<group>"; };
/* End PBXFileReference section */

/* Begin PBXFrameworksBuildPhase section */
		808AEBE0240EF66A00DC90DB /* Frameworks */ = {
			isa = PBXFrameworksBuildPhase;
			buildActionMask = 2147483647;
			files = (
			);
			runOnlyForDeploymentPostprocessing = 0;
		};
/* End PBXFrameworksBuildPhase section */

/* Begin PBXGroup section */
		8038D054241802F300AFA4DA /* User */ = {
			isa = PBXGroup;
			children = (
				8038D0552418030200AFA4DA /* UserInformations.swift */,
			);
			path = User;
			sourceTree = "<group>";
		};
		80471AD92411772A001DCFA0 /* Login */ = {
			isa = PBXGroup;
			children = (
				80471ADF241180B5001DCFA0 /* Protocol */,
				80471ADE241180B0001DCFA0 /* Presenter */,
				80471ADD241180A8001DCFA0 /* Model */,
				80471ADC241180A6001DCFA0 /* View */,
			);
			path = Login;
			sourceTree = "<group>";
		};
		80471ADC241180A6001DCFA0 /* View */ = {
			isa = PBXGroup;
			children = (
				80471AE0241180C4001DCFA0 /* LoginView.swift */,
				80471AE6241180F7001DCFA0 /* LoginStoryboard.storyboard */,
			);
			path = View;
			sourceTree = "<group>";
		};
		80471ADD241180A8001DCFA0 /* Model */ = {
			isa = PBXGroup;
			children = (
			);
			path = Model;
			sourceTree = "<group>";
		};
		80471ADE241180B0001DCFA0 /* Presenter */ = {
			isa = PBXGroup;
			children = (
				80471AE4241180DC001DCFA0 /* LoginPresenter.swift */,
			);
			path = Presenter;
			sourceTree = "<group>";
		};
		80471ADF241180B5001DCFA0 /* Protocol */ = {
			isa = PBXGroup;
			children = (
				80471AE2241180D4001DCFA0 /* LoginProtocol.swift */,
			);
			path = Protocol;
			sourceTree = "<group>";
		};
		808AEBDA240EF66A00DC90DB = {
			isa = PBXGroup;
			children = (
				808AEBE5240EF66B00DC90DB /* ArduinoClockIn */,
				808AEBE4240EF66B00DC90DB /* Products */,
			);
			sourceTree = "<group>";
		};
		808AEBE4240EF66B00DC90DB /* Products */ = {
			isa = PBXGroup;
			children = (
				808AEBE3240EF66B00DC90DB /* ArduinoClockIn.app */,
			);
			name = Products;
			sourceTree = "<group>";
		};
		808AEBE5240EF66B00DC90DB /* ArduinoClockIn */ = {
			isa = PBXGroup;
			children = (
				8038D054241802F300AFA4DA /* User */,
				80F9174E2416DBEB0063FE37 /* Extensions */,
				80F917482416DBCE0063FE37 /* ClockInScreen */,
				80F9173B2416DBC10063FE37 /* InitialScreen */,
				80471AE9241186F5001DCFA0 /* ArduinoClockIn.entitlements */,
				80471AD92411772A001DCFA0 /* Login */,
				808AEBE6240EF66B00DC90DB /* AppDelegate.swift */,
				808AEBE8240EF66B00DC90DB /* SceneDelegate.swift */,
				808AEBEF240EF66F00DC90DB /* Assets.xcassets */,
				808AEBF1240EF66F00DC90DB /* LaunchScreen.storyboard */,
				808AEBF4240EF66F00DC90DB /* Info.plist */,
			);
			path = ArduinoClockIn;
			sourceTree = "<group>";
		};
		80F9173B2416DBC10063FE37 /* InitialScreen */ = {
			isa = PBXGroup;
			children = (
				80F9173C2416DBC10063FE37 /* Presenter */,
				80F9173E2416DBC10063FE37 /* Protocol */,
				80F917402416DBC10063FE37 /* View */,
			);
			path = InitialScreen;
			sourceTree = "<group>";
		};
		80F9173C2416DBC10063FE37 /* Presenter */ = {
			isa = PBXGroup;
			children = (
				80F9173D2416DBC10063FE37 /* AuthenticationPresenter.swift */,
			);
			path = Presenter;
			sourceTree = "<group>";
		};
		80F9173E2416DBC10063FE37 /* Protocol */ = {
			isa = PBXGroup;
			children = (
				80F9173F2416DBC10063FE37 /* AuthenticationProtocol.swift */,
			);
			path = Protocol;
			sourceTree = "<group>";
		};
		80F917402416DBC10063FE37 /* View */ = {
			isa = PBXGroup;
			children = (
				80F917412416DBC10063FE37 /* ViewController.swift */,
				80F917422416DBC10063FE37 /* Main.storyboard */,
			);
			path = View;
			sourceTree = "<group>";
		};
		80F917482416DBCE0063FE37 /* ClockInScreen */ = {
			isa = PBXGroup;
			children = (
				80F917492416DBCE0063FE37 /* View */,
			);
			path = ClockInScreen;
			sourceTree = "<group>";
		};
		80F917492416DBCE0063FE37 /* View */ = {
			isa = PBXGroup;
			children = (
				80F9174A2416DBCE0063FE37 /* ClockInViewController.swift */,
				80F9174B2416DBCE0063FE37 /* ClockIn.storyboard */,
			);
			path = View;
			sourceTree = "<group>";
		};
		80F9174E2416DBEB0063FE37 /* Extensions */ = {
			isa = PBXGroup;
			children = (
				80F9174F2416DBEB0063FE37 /* Extension_UIColor.swift */,
			);
			path = Extensions;
			sourceTree = "<group>";
		};
/* End PBXGroup section */

/* Begin PBXNativeTarget section */
		808AEBE2240EF66A00DC90DB /* ArduinoClockIn */ = {
			isa = PBXNativeTarget;
			buildConfigurationList = 808AEBF7240EF66F00DC90DB /* Build configuration list for PBXNativeTarget "ArduinoClockIn" */;
			buildPhases = (
				808AEBDF240EF66A00DC90DB /* Sources */,
				808AEBE0240EF66A00DC90DB /* Frameworks */,
				808AEBE1240EF66A00DC90DB /* Resources */,
			);
			buildRules = (
			);
			dependencies = (
			);
			name = ArduinoClockIn;
			productName = ArduinoClockIn;
			productReference = 808AEBE3240EF66B00DC90DB /* ArduinoClockIn.app */;
			productType = "com.apple.product-type.application";
		};
/* End PBXNativeTarget section */

/* Begin PBXProject section */
		808AEBDB240EF66A00DC90DB /* Project object */ = {
			isa = PBXProject;
			attributes = {
				LastSwiftUpdateCheck = 1130;
				LastUpgradeCheck = 1130;
				ORGANIZATIONNAME = "Henrique Figueiredo Conte";
				TargetAttributes = {
					808AEBE2240EF66A00DC90DB = {
						CreatedOnToolsVersion = 11.3.1;
					};
				};
			};
			buildConfigurationList = 808AEBDE240EF66A00DC90DB /* Build configuration list for PBXProject "ArduinoClockIn" */;
			compatibilityVersion = "Xcode 9.3";
			developmentRegion = en;
			hasScannedForEncodings = 0;
			knownRegions = (
				en,
				Base,
			);
			mainGroup = 808AEBDA240EF66A00DC90DB;
			productRefGroup = 808AEBE4240EF66B00DC90DB /* Products */;
			projectDirPath = "";
			projectRoot = "";
			targets = (
				808AEBE2240EF66A00DC90DB /* ArduinoClockIn */,
			);
		};
/* End PBXProject section */

/* Begin PBXResourcesBuildPhase section */
		808AEBE1240EF66A00DC90DB /* Resources */ = {
			isa = PBXResourcesBuildPhase;
			buildActionMask = 2147483647;
			files = (
				80F9174D2416DBCE0063FE37 /* ClockIn.storyboard in Resources */,
				808AEBF3240EF66F00DC90DB /* LaunchScreen.storyboard in Resources */,
				80F917472416DBC10063FE37 /* Main.storyboard in Resources */,
				808AEBF0240EF66F00DC90DB /* Assets.xcassets in Resources */,
				80471AE7241180F7001DCFA0 /* LoginStoryboard.storyboard in Resources */,
			);
			runOnlyForDeploymentPostprocessing = 0;
		};
/* End PBXResourcesBuildPhase section */

/* Begin PBXSourcesBuildPhase section */
		808AEBDF240EF66A00DC90DB /* Sources */ = {
			isa = PBXSourcesBuildPhase;
			buildActionMask = 2147483647;
			files = (
				8038D0562418030200AFA4DA /* UserInformations.swift in Sources */,
				80471AE5241180DC001DCFA0 /* LoginPresenter.swift in Sources */,
				80471AE1241180C4001DCFA0 /* LoginView.swift in Sources */,
				80F917442416DBC10063FE37 /* AuthenticationPresenter.swift in Sources */,
				80F917502416DBEB0063FE37 /* Extension_UIColor.swift in Sources */,
				80471AE3241180D4001DCFA0 /* LoginProtocol.swift in Sources */,
				808AEBE7240EF66B00DC90DB /* AppDelegate.swift in Sources */,
				80F9174C2416DBCE0063FE37 /* ClockInViewController.swift in Sources */,
				808AEBE9240EF66B00DC90DB /* SceneDelegate.swift in Sources */,
				80F917462416DBC10063FE37 /* ViewController.swift in Sources */,
				80F917452416DBC10063FE37 /* AuthenticationProtocol.swift in Sources */,
			);
			runOnlyForDeploymentPostprocessing = 0;
		};
/* End PBXSourcesBuildPhase section */

/* Begin PBXVariantGroup section */
		808AEBF1240EF66F00DC90DB /* LaunchScreen.storyboard */ = {
			isa = PBXVariantGroup;
			children = (
				808AEBF2240EF66F00DC90DB /* Base */,
			);
			name = LaunchScreen.storyboard;
			sourceTree = "<group>";
		};
		80F917422416DBC10063FE37 /* Main.storyboard */ = {
			isa = PBXVariantGroup;
			children = (
				80F917432416DBC10063FE37 /* Base */,
			);
			name = Main.storyboard;
			sourceTree = "<group>";
		};
/* End PBXVariantGroup section */

/* Begin XCBuildConfiguration section */
		808AEBF5240EF66F00DC90DB /* Debug */ = {
			isa = XCBuildConfiguration;
			buildSettings = {
				ALWAYS_SEARCH_USER_PATHS = NO;
				CLANG_ANALYZER_NONNULL = YES;
				CLANG_ANALYZER_NUMBER_OBJECT_CONVERSION = YES_AGGRESSIVE;
				CLANG_CXX_LANGUAGE_STANDARD = "gnu++14";
				CLANG_CXX_LIBRARY = "libc++";
				CLANG_ENABLE_MODULES = YES;
				CLANG_ENABLE_OBJC_ARC = YES;
				CLANG_ENABLE_OBJC_WEAK = YES;
				CLANG_WARN_BLOCK_CAPTURE_AUTORELEASING = YES;
				CLANG_WARN_BOOL_CONVERSION = YES;
				CLANG_WARN_COMMA = YES;
				CLANG_WARN_CONSTANT_CONVERSION = YES;
				CLANG_WARN_DEPRECATED_OBJC_IMPLEMENTATIONS = YES;
				CLANG_WARN_DIRECT_OBJC_ISA_USAGE = YES_ERROR;
				CLANG_WARN_DOCUMENTATION_COMMENTS = YES;
				CLANG_WARN_EMPTY_BODY = YES;
				CLANG_WARN_ENUM_CONVERSION = YES;
				CLANG_WARN_INFINITE_RECURSION = YES;
				CLANG_WARN_INT_CONVERSION = YES;
				CLANG_WARN_NON_LITERAL_NULL_CONVERSION = YES;
				CLANG_WARN_OBJC_IMPLICIT_RETAIN_SELF = YES;
				CLANG_WARN_OBJC_LITERAL_CONVERSION = YES;
				CLANG_WARN_OBJC_ROOT_CLASS = YES_ERROR;
				CLANG_WARN_RANGE_LOOP_ANALYSIS = YES;
				CLANG_WARN_STRICT_PROTOTYPES = YES;
				CLANG_WARN_SUSPICIOUS_MOVE = YES;
				CLANG_WARN_UNGUARDED_AVAILABILITY = YES_AGGRESSIVE;
				CLANG_WARN_UNREACHABLE_CODE = YES;
				CLANG_WARN__DUPLICATE_METHOD_MATCH = YES;
				COPY_PHASE_STRIP = NO;
				DEBUG_INFORMATION_FORMAT = dwarf;
				ENABLE_STRICT_OBJC_MSGSEND = YES;
				ENABLE_TESTABILITY = YES;
				GCC_C_LANGUAGE_STANDARD = gnu11;
				GCC_DYNAMIC_NO_PIC = NO;
				GCC_NO_COMMON_BLOCKS = YES;
				GCC_OPTIMIZATION_LEVEL = 0;
				GCC_PREPROCESSOR_DEFINITIONS = (
					"DEBUG=1",
					"$(inherited)",
				);
				GCC_WARN_64_TO_32_BIT_CONVERSION = YES;
				GCC_WARN_ABOUT_RETURN_TYPE = YES_ERROR;
				GCC_WARN_UNDECLARED_SELECTOR = YES;
				GCC_WARN_UNINITIALIZED_AUTOS = YES_AGGRESSIVE;
				GCC_WARN_UNUSED_FUNCTION = YES;
				GCC_WARN_UNUSED_VARIABLE = YES;
				IPHONEOS_DEPLOYMENT_TARGET = 13.2;
				MTL_ENABLE_DEBUG_INFO = INCLUDE_SOURCE;
				MTL_FAST_MATH = YES;
				ONLY_ACTIVE_ARCH = YES;
				SDKROOT = iphoneos;
				SWIFT_ACTIVE_COMPILATION_CONDITIONS = DEBUG;
				SWIFT_OPTIMIZATION_LEVEL = "-Onone";
			};
			name = Debug;
		};
		808AEBF6240EF66F00DC90DB /* Release */ = {
			isa = XCBuildConfiguration;
			buildSettings = {
				ALWAYS_SEARCH_USER_PATHS = NO;
				CLANG_ANALYZER_NONNULL = YES;
				CLANG_ANALYZER_NUMBER_OBJECT_CONVERSION = YES_AGGRESSIVE;
				CLANG_CXX_LANGUAGE_STANDARD = "gnu++14";
				CLANG_CXX_LIBRARY = "libc++";
				CLANG_ENABLE_MODULES = YES;
				CLANG_ENABLE_OBJC_ARC = YES;
				CLANG_ENABLE_OBJC_WEAK = YES;
				CLANG_WARN_BLOCK_CAPTURE_AUTORELEASING = YES;
				CLANG_WARN_BOOL_CONVERSION = YES;
				CLANG_WARN_COMMA = YES;
				CLANG_WARN_CONSTANT_CONVERSION = YES;
				CLANG_WARN_DEPRECATED_OBJC_IMPLEMENTATIONS = YES;
				CLANG_WARN_DIRECT_OBJC_ISA_USAGE = YES_ERROR;
				CLANG_WARN_DOCUMENTATION_COMMENTS = YES;
				CLANG_WARN_EMPTY_BODY = YES;
				CLANG_WARN_ENUM_CONVERSION = YES;
				CLANG_WARN_INFINITE_RECURSION = YES;
				CLANG_WARN_INT_CONVERSION = YES;
				CLANG_WARN_NON_LITERAL_NULL_CONVERSION = YES;
				CLANG_WARN_OBJC_IMPLICIT_RETAIN_SELF = YES;
				CLANG_WARN_OBJC_LITERAL_CONVERSION = YES;
				CLANG_WARN_OBJC_ROOT_CLASS = YES_ERROR;
				CLANG_WARN_RANGE_LOOP_ANALYSIS = YES;
				CLANG_WARN_STRICT_PROTOTYPES = YES;
				CLANG_WARN_SUSPICIOUS_MOVE = YES;
				CLANG_WARN_UNGUARDED_AVAILABILITY = YES_AGGRESSIVE;
				CLANG_WARN_UNREACHABLE_CODE = YES;
				CLANG_WARN__DUPLICATE_METHOD_MATCH = YES;
				COPY_PHASE_STRIP = NO;
				DEBUG_INFORMATION_FORMAT = "dwarf-with-dsym";
				ENABLE_NS_ASSERTIONS = NO;
				ENABLE_STRICT_OBJC_MSGSEND = YES;
				GCC_C_LANGUAGE_STANDARD = gnu11;
				GCC_NO_COMMON_BLOCKS = YES;
				GCC_WARN_64_TO_32_BIT_CONVERSION = YES;
				GCC_WARN_ABOUT_RETURN_TYPE = YES_ERROR;
				GCC_WARN_UNDECLARED_SELECTOR = YES;
				GCC_WARN_UNINITIALIZED_AUTOS = YES_AGGRESSIVE;
				GCC_WARN_UNUSED_FUNCTION = YES;
				GCC_WARN_UNUSED_VARIABLE = YES;
				IPHONEOS_DEPLOYMENT_TARGET = 13.2;
				MTL_ENABLE_DEBUG_INFO = NO;
				MTL_FAST_MATH = YES;
				SDKROOT = iphoneos;
				SWIFT_COMPILATION_MODE = wholemodule;
				SWIFT_OPTIMIZATION_LEVEL = "-O";
				VALIDATE_PRODUCT = YES;
			};
			name = Release;
		};
		808AEBF8240EF66F00DC90DB /* Debug */ = {
			isa = XCBuildConfiguration;
			buildSettings = {
				ASSETCATALOG_COMPILER_APPICON_NAME = AppIcon;
				CODE_SIGN_ENTITLEMENTS = ArduinoClockIn/ArduinoClockIn.entitlements;
				CODE_SIGN_STYLE = Automatic;
				DEVELOPMENT_TEAM = 4NP5AK64M5;
				INFOPLIST_FILE = ArduinoClockIn/Info.plist;
				IPHONEOS_DEPLOYMENT_TARGET = 13.0;
				LD_RUNPATH_SEARCH_PATHS = (
					"$(inherited)",
					"@executable_path/Frameworks",
				);
				PRODUCT_BUNDLE_IDENTIFIER = com.ArduinoClockIn;
				PRODUCT_NAME = "$(TARGET_NAME)";
				SWIFT_VERSION = 5.0;
				TARGETED_DEVICE_FAMILY = "1,2";
			};
			name = Debug;
		};
		808AEBF9240EF66F00DC90DB /* Release */ = {
			isa = XCBuildConfiguration;
			buildSettings = {
				ASSETCATALOG_COMPILER_APPICON_NAME = AppIcon;
				CODE_SIGN_ENTITLEMENTS = ArduinoClockIn/ArduinoClockIn.entitlements;
				CODE_SIGN_STYLE = Automatic;
				DEVELOPMENT_TEAM = 4NP5AK64M5;
				INFOPLIST_FILE = ArduinoClockIn/Info.plist;
				IPHONEOS_DEPLOYMENT_TARGET = 13.0;
				LD_RUNPATH_SEARCH_PATHS = (
					"$(inherited)",
					"@executable_path/Frameworks",
				);
				PRODUCT_BUNDLE_IDENTIFIER = com.ArduinoClockIn;
				PRODUCT_NAME = "$(TARGET_NAME)";
				SWIFT_VERSION = 5.0;
				TARGETED_DEVICE_FAMILY = "1,2";
			};
			name = Release;
		};
/* End XCBuildConfiguration section */

/* Begin XCConfigurationList section */
		808AEBDE240EF66A00DC90DB /* Build configuration list for PBXProject "ArduinoClockIn" */ = {
			isa = XCConfigurationList;
			buildConfigurations = (
				808AEBF5240EF66F00DC90DB /* Debug */,
				808AEBF6240EF66F00DC90DB /* Release */,
			);
			defaultConfigurationIsVisible = 0;
			defaultConfigurationName = Release;
		};
		808AEBF7240EF66F00DC90DB /* Build configuration list for PBXNativeTarget "ArduinoClockIn" */ = {
			isa = XCConfigurationList;
			buildConfigurations = (
				808AEBF8240EF66F00DC90DB /* Debug */,
				808AEBF9240EF66F00DC90DB /* Release */,
			);
			defaultConfigurationIsVisible = 0;
			defaultConfigurationName = Release;
		};
/* End XCConfigurationList section */
	};
	rootObject = 808AEBDB240EF66A00DC90DB /* Project object */;
}
