// !$*UTF8*$!
{
	archiveVersion = 1;
	classes = {
	};
	objectVersion = 50;
	objects = {

/* Begin PBXBuildFile section */
		045321B12416BF430054723D /* Records.storyboard in Resources */ = {isa = PBXBuildFile; fileRef = 045321B02416BF430054723D /* Records.storyboard */; };
		045321B32416C1800054723D /* RecordsScreenViewController.swift in Sources */ = {isa = PBXBuildFile; fileRef = 045321B22416C1800054723D /* RecordsScreenViewController.swift */; };
		045321B62416CD100054723D /* Clockin.swift in Sources */ = {isa = PBXBuildFile; fileRef = 045321B52416CD100054723D /* Clockin.swift */; };
		045321B92416D1700054723D /* ClockInCell.swift in Sources */ = {isa = PBXBuildFile; fileRef = 045321B82416D1700054723D /* ClockInCell.swift */; };
		047899F12411500B00DA0EB2 /* ClockIn.storyboard in Resources */ = {isa = PBXBuildFile; fileRef = 047899F02411500B00DA0EB2 /* ClockIn.storyboard */; };
		047899F32411515300DA0EB2 /* ClockInViewController.swift in Sources */ = {isa = PBXBuildFile; fileRef = 047899F22411515300DA0EB2 /* ClockInViewController.swift */; };
		0498DD98241172FB001F401E /* Extension_UIColor.swift in Sources */ = {isa = PBXBuildFile; fileRef = 0498DD97241172FB001F401E /* Extension_UIColor.swift */; };
		2DB4ADA52410225D0016C64C /* AuthenticationPresenter.swift in Sources */ = {isa = PBXBuildFile; fileRef = 2DB4ADA42410225D0016C64C /* AuthenticationPresenter.swift */; };
		2DB4ADAA241023070016C64C /* AuthenticationProtocol.swift in Sources */ = {isa = PBXBuildFile; fileRef = 2DB4ADA9241023070016C64C /* AuthenticationProtocol.swift */; };
		808AEBE7240EF66B00DC90DB /* AppDelegate.swift in Sources */ = {isa = PBXBuildFile; fileRef = 808AEBE6240EF66B00DC90DB /* AppDelegate.swift */; };
		808AEBE9240EF66B00DC90DB /* SceneDelegate.swift in Sources */ = {isa = PBXBuildFile; fileRef = 808AEBE8240EF66B00DC90DB /* SceneDelegate.swift */; };
		808AEBEB240EF66B00DC90DB /* ViewController.swift in Sources */ = {isa = PBXBuildFile; fileRef = 808AEBEA240EF66B00DC90DB /* ViewController.swift */; };
		808AEBEE240EF66B00DC90DB /* Main.storyboard in Resources */ = {isa = PBXBuildFile; fileRef = 808AEBEC240EF66B00DC90DB /* Main.storyboard */; };
		808AEBF0240EF66F00DC90DB /* Assets.xcassets in Resources */ = {isa = PBXBuildFile; fileRef = 808AEBEF240EF66F00DC90DB /* Assets.xcassets */; };
		808AEBF3240EF66F00DC90DB /* LaunchScreen.storyboard in Resources */ = {isa = PBXBuildFile; fileRef = 808AEBF1240EF66F00DC90DB /* LaunchScreen.storyboard */; };
/* End PBXBuildFile section */

/* Begin PBXFileReference section */
		045321B02416BF430054723D /* Records.storyboard */ = {isa = PBXFileReference; lastKnownFileType = file.storyboard; path = Records.storyboard; sourceTree = "<group>"; };
		045321B22416C1800054723D /* RecordsScreenViewController.swift */ = {isa = PBXFileReference; lastKnownFileType = sourcecode.swift; path = RecordsScreenViewController.swift; sourceTree = "<group>"; };
		045321B52416CD100054723D /* Clockin.swift */ = {isa = PBXFileReference; lastKnownFileType = sourcecode.swift; path = Clockin.swift; sourceTree = "<group>"; };
		045321B82416D1700054723D /* ClockInCell.swift */ = {isa = PBXFileReference; lastKnownFileType = sourcecode.swift; path = ClockInCell.swift; sourceTree = "<group>"; };
		047899F02411500B00DA0EB2 /* ClockIn.storyboard */ = {isa = PBXFileReference; lastKnownFileType = file.storyboard; path = ClockIn.storyboard; sourceTree = "<group>"; };
		047899F22411515300DA0EB2 /* ClockInViewController.swift */ = {isa = PBXFileReference; lastKnownFileType = sourcecode.swift; path = ClockInViewController.swift; sourceTree = "<group>"; };
		0498DD97241172FB001F401E /* Extension_UIColor.swift */ = {isa = PBXFileReference; lastKnownFileType = sourcecode.swift; path = Extension_UIColor.swift; sourceTree = "<group>"; };
		2DB4ADA42410225D0016C64C /* AuthenticationPresenter.swift */ = {isa = PBXFileReference; lastKnownFileType = sourcecode.swift; path = AuthenticationPresenter.swift; sourceTree = "<group>"; };
		2DB4ADA9241023070016C64C /* AuthenticationProtocol.swift */ = {isa = PBXFileReference; lastKnownFileType = sourcecode.swift; path = AuthenticationProtocol.swift; sourceTree = "<group>"; };
		808AEBE3240EF66B00DC90DB /* ArduinoClockIn.app */ = {isa = PBXFileReference; explicitFileType = wrapper.application; includeInIndex = 0; path = ArduinoClockIn.app; sourceTree = BUILT_PRODUCTS_DIR; };
		808AEBE6240EF66B00DC90DB /* AppDelegate.swift */ = {isa = PBXFileReference; lastKnownFileType = sourcecode.swift; path = AppDelegate.swift; sourceTree = "<group>"; };
		808AEBE8240EF66B00DC90DB /* SceneDelegate.swift */ = {isa = PBXFileReference; lastKnownFileType = sourcecode.swift; path = SceneDelegate.swift; sourceTree = "<group>"; };
		808AEBEA240EF66B00DC90DB /* ViewController.swift */ = {isa = PBXFileReference; lastKnownFileType = sourcecode.swift; path = ViewController.swift; sourceTree = "<group>"; };
		808AEBED240EF66B00DC90DB /* Base */ = {isa = PBXFileReference; lastKnownFileType = file.storyboard; name = Base; path = Base.lproj/Main.storyboard; sourceTree = "<group>"; };
		808AEBEF240EF66F00DC90DB /* Assets.xcassets */ = {isa = PBXFileReference; lastKnownFileType = folder.assetcatalog; path = Assets.xcassets; sourceTree = "<group>"; };
		808AEBF2240EF66F00DC90DB /* Base */ = {isa = PBXFileReference; lastKnownFileType = file.storyboard; name = Base; path = Base.lproj/LaunchScreen.storyboard; sourceTree = "<group>"; };
		808AEBF4240EF66F00DC90DB /* Info.plist */ = {isa = PBXFileReference; lastKnownFileType = text.plist.xml; path = Info.plist; sourceTree = "<group>"; };
/* End PBXFileReference section */

/* Begin PBXFrameworksBuildPhase section */
		808AEBE0240EF66A00DC90DB /* Frameworks */ = {
			isa = PBXFrameworksBuildPhase;
			buildActionMask = 2147483647;
			files = (
			);
			runOnlyForDeploymentPostprocessing = 0;
		};
/* End PBXFrameworksBuildPhase section */

/* Begin PBXGroup section */
		045321AA2416BC730054723D /* InitialScreen */ = {
			isa = PBXGroup;
			children = (
				045321AE2416BCFB0054723D /* Presenter */,
				045321AD2416BCF30054723D /* View */,
				2DB4ADA8241022EE0016C64C /* Protocol */,
			);
			path = InitialScreen;
			sourceTree = "<group>";
		};
		045321AB2416BCA10054723D /* ClockInScreen */ = {
			isa = PBXGroup;
			children = (
				045321AC2416BCE90054723D /* View */,
			);
			path = ClockInScreen;
			sourceTree = "<group>";
		};
		045321AC2416BCE90054723D /* View */ = {
			isa = PBXGroup;
			children = (
				047899F02411500B00DA0EB2 /* ClockIn.storyboard */,
				047899F22411515300DA0EB2 /* ClockInViewController.swift */,
			);
			path = View;
			sourceTree = "<group>";
		};
		045321AD2416BCF30054723D /* View */ = {
			isa = PBXGroup;
			children = (
				808AEBEC240EF66B00DC90DB /* Main.storyboard */,
				808AEBEA240EF66B00DC90DB /* ViewController.swift */,
			);
			path = View;
			sourceTree = "<group>";
		};
		045321AE2416BCFB0054723D /* Presenter */ = {
			isa = PBXGroup;
			children = (
				2DB4ADA42410225D0016C64C /* AuthenticationPresenter.swift */,
			);
			path = Presenter;
			sourceTree = "<group>";
		};
		045321AF2416BEC10054723D /* RecordsScreen */ = {
			isa = PBXGroup;
			children = (
				045321B72416D1650054723D /* Cells */,
				045321B02416BF430054723D /* Records.storyboard */,
				045321B22416C1800054723D /* RecordsScreenViewController.swift */,
			);
			path = RecordsScreen;
			sourceTree = "<group>";
		};
		045321B42416CD000054723D /* AirtableDB */ = {
			isa = PBXGroup;
			children = (
				045321B52416CD100054723D /* Clockin.swift */,
			);
			path = AirtableDB;
			sourceTree = "<group>";
		};
		045321B72416D1650054723D /* Cells */ = {
			isa = PBXGroup;
			children = (
				045321B82416D1700054723D /* ClockInCell.swift */,
			);
			path = Cells;
			sourceTree = "<group>";
		};
		0498DD96241172EA001F401E /* Extensions */ = {
			isa = PBXGroup;
			children = (
				0498DD97241172FB001F401E /* Extension_UIColor.swift */,
			);
			path = Extensions;
			sourceTree = "<group>";
		};
		2DB4ADA6241022690016C64C /* Presenter */ = {
			isa = PBXGroup;
			children = (
			);
			path = Presenter;
			sourceTree = "<group>";
		};
		2DB4ADA8241022EE0016C64C /* Protocol */ = {
			isa = PBXGroup;
			children = (
				2DB4ADA9241023070016C64C /* AuthenticationProtocol.swift */,
			);
			path = Protocol;
			sourceTree = "<group>";
		};
		808AEBDA240EF66A00DC90DB = {
			isa = PBXGroup;
			children = (
				808AEBE5240EF66B00DC90DB /* ArduinoClockIn */,
				808AEBE4240EF66B00DC90DB /* Products */,
			);
			sourceTree = "<group>";
		};
		808AEBE4240EF66B00DC90DB /* Products */ = {
			isa = PBXGroup;
			children = (
				808AEBE3240EF66B00DC90DB /* ArduinoClockIn.app */,
			);
			name = Products;
			sourceTree = "<group>";
		};
		808AEBE5240EF66B00DC90DB /* ArduinoClockIn */ = {
			isa = PBXGroup;
			children = (
				045321B42416CD000054723D /* AirtableDB */,
				045321AF2416BEC10054723D /* RecordsScreen */,
				045321AB2416BCA10054723D /* ClockInScreen */,
				045321AA2416BC730054723D /* InitialScreen */,
				0498DD96241172EA001F401E /* Extensions */,
				2DB4ADA6241022690016C64C /* Presenter */,
				808AEBE6240EF66B00DC90DB /* AppDelegate.swift */,
				808AEBE8240EF66B00DC90DB /* SceneDelegate.swift */,
				808AEBEF240EF66F00DC90DB /* Assets.xcassets */,
				808AEBF1240EF66F00DC90DB /* LaunchScreen.storyboard */,
				808AEBF4240EF66F00DC90DB /* Info.plist */,
			);
			path = ArduinoClockIn;
			sourceTree = "<group>";
		};
/* End PBXGroup section */

/* Begin PBXNativeTarget section */
		808AEBE2240EF66A00DC90DB /* ArduinoClockIn */ = {
			isa = PBXNativeTarget;
			buildConfigurationList = 808AEBF7240EF66F00DC90DB /* Build configuration list for PBXNativeTarget "ArduinoClockIn" */;
			buildPhases = (
				808AEBDF240EF66A00DC90DB /* Sources */,
				808AEBE0240EF66A00DC90DB /* Frameworks */,
				808AEBE1240EF66A00DC90DB /* Resources */,
			);
			buildRules = (
			);
			dependencies = (
			);
			name = ArduinoClockIn;
			productName = ArduinoClockIn;
			productReference = 808AEBE3240EF66B00DC90DB /* ArduinoClockIn.app */;
			productType = "com.apple.product-type.application";
		};
/* End PBXNativeTarget section */

/* Begin PBXProject section */
		808AEBDB240EF66A00DC90DB /* Project object */ = {
			isa = PBXProject;
			attributes = {
				LastSwiftUpdateCheck = 1130;
				LastUpgradeCheck = 1130;
				ORGANIZATIONNAME = "Henrique Figueiredo Conte";
				TargetAttributes = {
					808AEBE2240EF66A00DC90DB = {
						CreatedOnToolsVersion = 11.3.1;
					};
				};
			};
			buildConfigurationList = 808AEBDE240EF66A00DC90DB /* Build configuration list for PBXProject "ArduinoClockIn" */;
			compatibilityVersion = "Xcode 9.3";
			developmentRegion = en;
			hasScannedForEncodings = 0;
			knownRegions = (
				en,
				Base,
			);
			mainGroup = 808AEBDA240EF66A00DC90DB;
			productRefGroup = 808AEBE4240EF66B00DC90DB /* Products */;
			projectDirPath = "";
			projectRoot = "";
			targets = (
				808AEBE2240EF66A00DC90DB /* ArduinoClockIn */,
			);
		};
/* End PBXProject section */

/* Begin PBXResourcesBuildPhase section */
		808AEBE1240EF66A00DC90DB /* Resources */ = {
			isa = PBXResourcesBuildPhase;
			buildActionMask = 2147483647;
			files = (
				045321B12416BF430054723D /* Records.storyboard in Resources */,
				047899F12411500B00DA0EB2 /* ClockIn.storyboard in Resources */,
				808AEBF3240EF66F00DC90DB /* LaunchScreen.storyboard in Resources */,
				808AEBF0240EF66F00DC90DB /* Assets.xcassets in Resources */,
				808AEBEE240EF66B00DC90DB /* Main.storyboard in Resources */,
			);
			runOnlyForDeploymentPostprocessing = 0;
		};
/* End PBXResourcesBuildPhase section */

/* Begin PBXSourcesBuildPhase section */
		808AEBDF240EF66A00DC90DB /* Sources */ = {
			isa = PBXSourcesBuildPhase;
			buildActionMask = 2147483647;
			files = (
				2DB4ADA52410225D0016C64C /* AuthenticationPresenter.swift in Sources */,
				2DB4ADAA241023070016C64C /* AuthenticationProtocol.swift in Sources */,
				047899F32411515300DA0EB2 /* ClockInViewController.swift in Sources */,
				808AEBEB240EF66B00DC90DB /* ViewController.swift in Sources */,
				0498DD98241172FB001F401E /* Extension_UIColor.swift in Sources */,
				808AEBE7240EF66B00DC90DB /* AppDelegate.swift in Sources */,
				045321B62416CD100054723D /* Clockin.swift in Sources */,
				808AEBE9240EF66B00DC90DB /* SceneDelegate.swift in Sources */,
				045321B32416C1800054723D /* RecordsScreenViewController.swift in Sources */,
				045321B92416D1700054723D /* ClockInCell.swift in Sources */,
			);
			runOnlyForDeploymentPostprocessing = 0;
		};
/* End PBXSourcesBuildPhase section */

/* Begin PBXVariantGroup section */
		808AEBEC240EF66B00DC90DB /* Main.storyboard */ = {
			isa = PBXVariantGroup;
			children = (
				808AEBED240EF66B00DC90DB /* Base */,
			);
			name = Main.storyboard;
			sourceTree = "<group>";
		};
		808AEBF1240EF66F00DC90DB /* LaunchScreen.storyboard */ = {
			isa = PBXVariantGroup;
			children = (
				808AEBF2240EF66F00DC90DB /* Base */,
			);
			name = LaunchScreen.storyboard;
			sourceTree = "<group>";
		};
/* End PBXVariantGroup section */

/* Begin XCBuildConfiguration section */
		808AEBF5240EF66F00DC90DB /* Debug */ = {
			isa = XCBuildConfiguration;
			buildSettings = {
				ALWAYS_SEARCH_USER_PATHS = NO;
				CLANG_ANALYZER_NONNULL = YES;
				CLANG_ANALYZER_NUMBER_OBJECT_CONVERSION = YES_AGGRESSIVE;
				CLANG_CXX_LANGUAGE_STANDARD = "gnu++14";
				CLANG_CXX_LIBRARY = "libc++";
				CLANG_ENABLE_MODULES = YES;
				CLANG_ENABLE_OBJC_ARC = YES;
				CLANG_ENABLE_OBJC_WEAK = YES;
				CLANG_WARN_BLOCK_CAPTURE_AUTORELEASING = YES;
				CLANG_WARN_BOOL_CONVERSION = YES;
				CLANG_WARN_COMMA = YES;
				CLANG_WARN_CONSTANT_CONVERSION = YES;
				CLANG_WARN_DEPRECATED_OBJC_IMPLEMENTATIONS = YES;
				CLANG_WARN_DIRECT_OBJC_ISA_USAGE = YES_ERROR;
				CLANG_WARN_DOCUMENTATION_COMMENTS = YES;
				CLANG_WARN_EMPTY_BODY = YES;
				CLANG_WARN_ENUM_CONVERSION = YES;
				CLANG_WARN_INFINITE_RECURSION = YES;
				CLANG_WARN_INT_CONVERSION = YES;
				CLANG_WARN_NON_LITERAL_NULL_CONVERSION = YES;
				CLANG_WARN_OBJC_IMPLICIT_RETAIN_SELF = YES;
				CLANG_WARN_OBJC_LITERAL_CONVERSION = YES;
				CLANG_WARN_OBJC_ROOT_CLASS = YES_ERROR;
				CLANG_WARN_RANGE_LOOP_ANALYSIS = YES;
				CLANG_WARN_STRICT_PROTOTYPES = YES;
				CLANG_WARN_SUSPICIOUS_MOVE = YES;
				CLANG_WARN_UNGUARDED_AVAILABILITY = YES_AGGRESSIVE;
				CLANG_WARN_UNREACHABLE_CODE = YES;
				CLANG_WARN__DUPLICATE_METHOD_MATCH = YES;
				COPY_PHASE_STRIP = NO;
				DEBUG_INFORMATION_FORMAT = dwarf;
				ENABLE_STRICT_OBJC_MSGSEND = YES;
				ENABLE_TESTABILITY = YES;
				GCC_C_LANGUAGE_STANDARD = gnu11;
				GCC_DYNAMIC_NO_PIC = NO;
				GCC_NO_COMMON_BLOCKS = YES;
				GCC_OPTIMIZATION_LEVEL = 0;
				GCC_PREPROCESSOR_DEFINITIONS = (
					"DEBUG=1",
					"$(inherited)",
				);
				GCC_WARN_64_TO_32_BIT_CONVERSION = YES;
				GCC_WARN_ABOUT_RETURN_TYPE = YES_ERROR;
				GCC_WARN_UNDECLARED_SELECTOR = YES;
				GCC_WARN_UNINITIALIZED_AUTOS = YES_AGGRESSIVE;
				GCC_WARN_UNUSED_FUNCTION = YES;
				GCC_WARN_UNUSED_VARIABLE = YES;
				IPHONEOS_DEPLOYMENT_TARGET = 13.2;
				MTL_ENABLE_DEBUG_INFO = INCLUDE_SOURCE;
				MTL_FAST_MATH = YES;
				ONLY_ACTIVE_ARCH = YES;
				SDKROOT = iphoneos;
				SWIFT_ACTIVE_COMPILATION_CONDITIONS = DEBUG;
				SWIFT_OPTIMIZATION_LEVEL = "-Onone";
			};
			name = Debug;
		};
		808AEBF6240EF66F00DC90DB /* Release */ = {
			isa = XCBuildConfiguration;
			buildSettings = {
				ALWAYS_SEARCH_USER_PATHS = NO;
				CLANG_ANALYZER_NONNULL = YES;
				CLANG_ANALYZER_NUMBER_OBJECT_CONVERSION = YES_AGGRESSIVE;
				CLANG_CXX_LANGUAGE_STANDARD = "gnu++14";
				CLANG_CXX_LIBRARY = "libc++";
				CLANG_ENABLE_MODULES = YES;
				CLANG_ENABLE_OBJC_ARC = YES;
				CLANG_ENABLE_OBJC_WEAK = YES;
				CLANG_WARN_BLOCK_CAPTURE_AUTORELEASING = YES;
				CLANG_WARN_BOOL_CONVERSION = YES;
				CLANG_WARN_COMMA = YES;
				CLANG_WARN_CONSTANT_CONVERSION = YES;
				CLANG_WARN_DEPRECATED_OBJC_IMPLEMENTATIONS = YES;
				CLANG_WARN_DIRECT_OBJC_ISA_USAGE = YES_ERROR;
				CLANG_WARN_DOCUMENTATION_COMMENTS = YES;
				CLANG_WARN_EMPTY_BODY = YES;
				CLANG_WARN_ENUM_CONVERSION = YES;
				CLANG_WARN_INFINITE_RECURSION = YES;
				CLANG_WARN_INT_CONVERSION = YES;
				CLANG_WARN_NON_LITERAL_NULL_CONVERSION = YES;
				CLANG_WARN_OBJC_IMPLICIT_RETAIN_SELF = YES;
				CLANG_WARN_OBJC_LITERAL_CONVERSION = YES;
				CLANG_WARN_OBJC_ROOT_CLASS = YES_ERROR;
				CLANG_WARN_RANGE_LOOP_ANALYSIS = YES;
				CLANG_WARN_STRICT_PROTOTYPES = YES;
				CLANG_WARN_SUSPICIOUS_MOVE = YES;
				CLANG_WARN_UNGUARDED_AVAILABILITY = YES_AGGRESSIVE;
				CLANG_WARN_UNREACHABLE_CODE = YES;
				CLANG_WARN__DUPLICATE_METHOD_MATCH = YES;
				COPY_PHASE_STRIP = NO;
				DEBUG_INFORMATION_FORMAT = "dwarf-with-dsym";
				ENABLE_NS_ASSERTIONS = NO;
				ENABLE_STRICT_OBJC_MSGSEND = YES;
				GCC_C_LANGUAGE_STANDARD = gnu11;
				GCC_NO_COMMON_BLOCKS = YES;
				GCC_WARN_64_TO_32_BIT_CONVERSION = YES;
				GCC_WARN_ABOUT_RETURN_TYPE = YES_ERROR;
				GCC_WARN_UNDECLARED_SELECTOR = YES;
				GCC_WARN_UNINITIALIZED_AUTOS = YES_AGGRESSIVE;
				GCC_WARN_UNUSED_FUNCTION = YES;
				GCC_WARN_UNUSED_VARIABLE = YES;
				IPHONEOS_DEPLOYMENT_TARGET = 13.2;
				MTL_ENABLE_DEBUG_INFO = NO;
				MTL_FAST_MATH = YES;
				SDKROOT = iphoneos;
				SWIFT_COMPILATION_MODE = wholemodule;
				SWIFT_OPTIMIZATION_LEVEL = "-O";
				VALIDATE_PRODUCT = YES;
			};
			name = Release;
		};
		808AEBF8240EF66F00DC90DB /* Debug */ = {
			isa = XCBuildConfiguration;
			buildSettings = {
				ASSETCATALOG_COMPILER_APPICON_NAME = AppIcon;
				CODE_SIGN_STYLE = Automatic;
				DEVELOPMENT_TEAM = M36T693Y9P;
				INFOPLIST_FILE = ArduinoClockIn/Info.plist;
				LD_RUNPATH_SEARCH_PATHS = (
					"$(inherited)",
					"@executable_path/Frameworks",
				);
				PRODUCT_BUNDLE_IDENTIFIER = henriqueConte.ArduinoClockIn;
				PRODUCT_NAME = "$(TARGET_NAME)";
				SWIFT_VERSION = 5.0;
				TARGETED_DEVICE_FAMILY = "1,2";
			};
			name = Debug;
		};
		808AEBF9240EF66F00DC90DB /* Release */ = {
			isa = XCBuildConfiguration;
			buildSettings = {
				ASSETCATALOG_COMPILER_APPICON_NAME = AppIcon;
				CODE_SIGN_STYLE = Automatic;
				DEVELOPMENT_TEAM = M36T693Y9P;
				INFOPLIST_FILE = ArduinoClockIn/Info.plist;
				LD_RUNPATH_SEARCH_PATHS = (
					"$(inherited)",
					"@executable_path/Frameworks",
				);
				PRODUCT_BUNDLE_IDENTIFIER = henriqueConte.ArduinoClockIn;
				PRODUCT_NAME = "$(TARGET_NAME)";
				SWIFT_VERSION = 5.0;
				TARGETED_DEVICE_FAMILY = "1,2";
			};
			name = Release;
		};
/* End XCBuildConfiguration section */

/* Begin XCConfigurationList section */
		808AEBDE240EF66A00DC90DB /* Build configuration list for PBXProject "ArduinoClockIn" */ = {
			isa = XCConfigurationList;
			buildConfigurations = (
				808AEBF5240EF66F00DC90DB /* Debug */,
				808AEBF6240EF66F00DC90DB /* Release */,
			);
			defaultConfigurationIsVisible = 0;
			defaultConfigurationName = Release;
		};
		808AEBF7240EF66F00DC90DB /* Build configuration list for PBXNativeTarget "ArduinoClockIn" */ = {
			isa = XCConfigurationList;
			buildConfigurations = (
				808AEBF8240EF66F00DC90DB /* Debug */,
				808AEBF9240EF66F00DC90DB /* Release */,
			);
			defaultConfigurationIsVisible = 0;
			defaultConfigurationName = Release;
		};
/* End XCConfigurationList section */
	};
	rootObject = 808AEBDB240EF66A00DC90DB /* Project object */;
}
